Microsoft Visual Studio Solution File, Format Version 12.00
# Visual Studio 15
VisualStudioVersion = 15.0.28010.2050
MinimumVisualStudioVersion = 10.0.40219.1
Project("{FAE04EC0-301F-11D3-BF4B-00C04F79EFBC}") = "GizmoBase", "GizmoBase\GizmoBase.csproj", "{5C84642F-7DB7-42B2-A3C9-D3F65D5610F1}"
EndProject
Project("{FAE04EC0-301F-11D3-BF4B-00C04F79EFBC}") = "GizmoDistribution", "GizmoDistribution\GizmoDistribution.csproj", "{8252F26D-0FBB-4E15-84F8-3D145758AB55}"
EndProject
Project("{FAE04EC0-301F-11D3-BF4B-00C04F79EFBC}") = "Event_Demo", "Event_Demo\Event_Demo.csproj", "{1BB1AD89-5B53-4455-B125-97A25359E33B}"
EndProject
Project("{2150E333-8FDC-42A3-9474-1A3956D46DE8}") = "GizmoSDK", "GizmoSDK", "{6CEDBC4A-060E-4EDE-85FD-9E672A6A6825}"
EndProject
Project("{FAE04EC0-301F-11D3-BF4B-00C04F79EFBC}") = "Event_Performance", "Event_Performance\Event_Performance.csproj", "{3ED6CC6A-A88B-4297-9A7B-B0BC76659E28}"
EndProject
Project("{FAE04EC0-301F-11D3-BF4B-00C04F79EFBC}") = "InProcess_Event_Performance", "InProcess_Event_Performance\InProcess_Event_Performance.csproj", "{BE03FA1F-906A-4E77-9F73-577F92DA7FD9}"
EndProject
Global
	GlobalSection(SolutionConfigurationPlatforms) = preSolution
		Debug|Any CPU = Debug|Any CPU
		Debug|x64 = Debug|x64
		Release|Any CPU = Release|Any CPU
		Release|x64 = Release|x64
	EndGlobalSection
	GlobalSection(ProjectConfigurationPlatforms) = postSolution
		{5C84642F-7DB7-42B2-A3C9-D3F65D5610F1}.Debug|Any CPU.ActiveCfg = Debug|x64
		{5C84642F-7DB7-42B2-A3C9-D3F65D5610F1}.Debug|x64.ActiveCfg = Debug|x64
		{5C84642F-7DB7-42B2-A3C9-D3F65D5610F1}.Debug|x64.Build.0 = Debug|x64
		{5C84642F-7DB7-42B2-A3C9-D3F65D5610F1}.Release|Any CPU.ActiveCfg = Release|x64
		{5C84642F-7DB7-42B2-A3C9-D3F65D5610F1}.Release|x64.ActiveCfg = Release|x64
		{5C84642F-7DB7-42B2-A3C9-D3F65D5610F1}.Release|x64.Build.0 = Release|x64
		{8252F26D-0FBB-4E15-84F8-3D145758AB55}.Debug|Any CPU.ActiveCfg = Debug|x64
		{8252F26D-0FBB-4E15-84F8-3D145758AB55}.Debug|x64.ActiveCfg = Debug|x64
		{8252F26D-0FBB-4E15-84F8-3D145758AB55}.Debug|x64.Build.0 = Debug|x64
		{8252F26D-0FBB-4E15-84F8-3D145758AB55}.Release|Any CPU.ActiveCfg = Release|x64
		{8252F26D-0FBB-4E15-84F8-3D145758AB55}.Release|x64.ActiveCfg = Release|x64
		{8252F26D-0FBB-4E15-84F8-3D145758AB55}.Release|x64.Build.0 = Release|x64
		{1BB1AD89-5B53-4455-B125-97A25359E33B}.Debug|Any CPU.ActiveCfg = Debug|x64
		{1BB1AD89-5B53-4455-B125-97A25359E33B}.Debug|x64.ActiveCfg = Debug|x64
		{1BB1AD89-5B53-4455-B125-97A25359E33B}.Debug|x64.Build.0 = Debug|x64
		{1BB1AD89-5B53-4455-B125-97A25359E33B}.Release|Any CPU.ActiveCfg = Release|x64
		{1BB1AD89-5B53-4455-B125-97A25359E33B}.Release|x64.ActiveCfg = Release|x64
		{1BB1AD89-5B53-4455-B125-97A25359E33B}.Release|x64.Build.0 = Release|x64
		{3ED6CC6A-A88B-4297-9A7B-B0BC76659E28}.Debug|Any CPU.ActiveCfg = Debug|x64
		{3ED6CC6A-A88B-4297-9A7B-B0BC76659E28}.Debug|x64.ActiveCfg = Debug|x64
		{3ED6CC6A-A88B-4297-9A7B-B0BC76659E28}.Debug|x64.Build.0 = Debug|x64
		{3ED6CC6A-A88B-4297-9A7B-B0BC76659E28}.Release|Any CPU.ActiveCfg = Release|x64
		{3ED6CC6A-A88B-4297-9A7B-B0BC76659E28}.Release|x64.ActiveCfg = Release|x64
		{3ED6CC6A-A88B-4297-9A7B-B0BC76659E28}.Release|x64.Build.0 = Release|x64
		{BE03FA1F-906A-4E77-9F73-577F92DA7FD9}.Debug|Any CPU.ActiveCfg = Debug|x64
		{BE03FA1F-906A-4E77-9F73-577F92DA7FD9}.Debug|x64.ActiveCfg = Debug|x64
		{BE03FA1F-906A-4E77-9F73-577F92DA7FD9}.Debug|x64.Build.0 = Debug|x64
		{BE03FA1F-906A-4E77-9F73-577F92DA7FD9}.Release|Any CPU.ActiveCfg = Release|x64
		{BE03FA1F-906A-4E77-9F73-577F92DA7FD9}.Release|x64.ActiveCfg = Release|x64
		{BE03FA1F-906A-4E77-9F73-577F92DA7FD9}.Release|x64.Build.0 = Release|x64
	EndGlobalSection
	GlobalSection(SolutionProperties) = preSolution
		HideSolutionNode = FALSE
	EndGlobalSection
	GlobalSection(NestedProjects) = preSolution
		{5C84642F-7DB7-42B2-A3C9-D3F65D5610F1} = {6CEDBC4A-060E-4EDE-85FD-9E672A6A6825}
		{8252F26D-0FBB-4E15-84F8-3D145758AB55} = {6CEDBC4A-060E-4EDE-85FD-9E672A6A6825}
	EndGlobalSection
	GlobalSection(ExtensibilityGlobals) = postSolution
		SolutionGuid = {B96B0E72-1B38-4DCC-AB55-CF778AE9D003}
	EndGlobalSection
EndGlobal
