Microsoft Visual Studio Solution File, Format Version 12.00
# Visual Studio 15
VisualStudioVersion = 15.0.28010.2050
MinimumVisualStudioVersion = 10.0.40219.1
Project("{FAE04EC0-301F-11D3-BF4B-00C04F79EFBC}") = "GizmoBase", "GizmoSDK\GizmoBase\GizmoBase.csproj", "{5C84642F-7DB7-42B2-A3C9-D3F65D5610F1}"
EndProject
Project("{FAE04EC0-301F-11D3-BF4B-00C04F79EFBC}") = "GizmoDistribution", "GizmoSDK\GizmoDistribution\GizmoDistribution.csproj", "{8252F26D-0FBB-4E15-84F8-3D145758AB55}"
EndProject
Project("{FAE04EC0-301F-11D3-BF4B-00C04F79EFBC}") = "Event_Demo", "Examples\Event_Demo\Event_Demo.csproj", "{1BB1AD89-5B53-4455-B125-97A25359E33B}"
EndProject
Project("{2150E333-8FDC-42A3-9474-1A3956D46DE8}") = "GizmoSDK", "GizmoSDK", "{6CEDBC4A-060E-4EDE-85FD-9E672A6A6825}"
EndProject
Project("{FAE04EC0-301F-11D3-BF4B-00C04F79EFBC}") = "Event_Performance", "Examples\Event_Performance\Event_Performance.csproj", "{3ED6CC6A-A88B-4297-9A7B-B0BC76659E28}"
EndProject
Project("{FAE04EC0-301F-11D3-BF4B-00C04F79EFBC}") = "InProcess_Event_Performance", "Examples\InProcess_Event_Performance\InProcess_Event_Performance.csproj", "{BE03FA1F-906A-4E77-9F73-577F92DA7FD9}"
EndProject
Project("{FAE04EC0-301F-11D3-BF4B-00C04F79EFBC}") = "1. Start_Manager", "Examples\Start_Manager\1. Start_Manager.csproj", "{14967656-DF2F-4203-8590-BAE1ED4DF319}"
EndProject
Project("{2150E333-8FDC-42A3-9474-1A3956D46DE8}") = "Basic Examples", "Basic Examples", "{6D024A4E-F795-4FE5-9932-07574DCE9E75}"
EndProject
Project("{2150E333-8FDC-42A3-9474-1A3956D46DE8}") = "Performance", "Performance", "{94F7CD17-EBE0-46DD-8C72-470B7365AF3A}"
EndProject
Project("{FAE04EC0-301F-11D3-BF4B-00C04F79EFBC}") = "2. Create_Client", "Examples\Create_Client\2. Create_Client.csproj", "{B1F5928A-F73D-45E4-B273-2C3124BC4CA7}"
EndProject
Project("{FAE04EC0-301F-11D3-BF4B-00C04F79EFBC}") = "3. Messages", "Examples\Messages\3. Messages.csproj", "{F36760F2-B751-40FD-A396-6E5E8A42EC87}"
EndProject
Project("{FAE04EC0-301F-11D3-BF4B-00C04F79EFBC}") = "4. Join Session", "Examples\Join_Session\4. Join Session.csproj", "{BBBDBE8D-EA8E-44CB-96C8-1F753747DA34}"
EndProject
Project("{FAE04EC0-301F-11D3-BF4B-00C04F79EFBC}") = "5. Send Event", "Examples\Send_Event\5. Send Event.csproj", "{B0170DEB-DB9F-46C1-A7F3-A449ECED2279}"
EndProject
Project("{FAE04EC0-301F-11D3-BF4B-00C04F79EFBC}") = "6. Update Object", "Examples\Update_Object\6. Update Object.csproj", "{94B62930-43CC-42B5-84E1-D791D05DB2FD}"
EndProject
Project("{2150E333-8FDC-42A3-9474-1A3956D46DE8}") = "Documents", "Documents", "{00EF4FB9-B050-4323-94A5-997EDEC10EB1}"
	ProjectSection(SolutionItems) = preProject
		Tutorial\c++_gizmodistribution_programmers_manual.pdf = Tutorial\c++_gizmodistribution_programmers_manual.pdf
		Tutorial\Distribution Tutorial.pptx = Tutorial\Distribution Tutorial.pptx
	EndProjectSection
EndProject
Project("{2150E333-8FDC-42A3-9474-1A3956D46DE8}") = "Battlefield", "Battlefield", "{B1544EAA-3F7A-4273-8E24-94D04D3EDEDD}"
EndProject
Project("{FAE04EC0-301F-11D3-BF4B-00C04F79EFBC}") = "1. Battlefield Domain", "Examples\Battlefield Domain\1. Battlefield Domain.csproj", "{0E1E3B00-3923-45DA-A900-5E8A7786A1FD}"
EndProject
Global
	GlobalSection(SolutionConfigurationPlatforms) = preSolution
		Debug|x64 = Debug|x64
		Release|x64 = Release|x64
	EndGlobalSection
	GlobalSection(ProjectConfigurationPlatforms) = postSolution
		{5C84642F-7DB7-42B2-A3C9-D3F65D5610F1}.Debug|x64.ActiveCfg = Debug|x64
		{5C84642F-7DB7-42B2-A3C9-D3F65D5610F1}.Debug|x64.Build.0 = Debug|x64
		{5C84642F-7DB7-42B2-A3C9-D3F65D5610F1}.Release|x64.ActiveCfg = Release|x64
		{5C84642F-7DB7-42B2-A3C9-D3F65D5610F1}.Release|x64.Build.0 = Release|x64
		{8252F26D-0FBB-4E15-84F8-3D145758AB55}.Debug|x64.ActiveCfg = Debug|x64
		{8252F26D-0FBB-4E15-84F8-3D145758AB55}.Debug|x64.Build.0 = Debug|x64
		{8252F26D-0FBB-4E15-84F8-3D145758AB55}.Release|x64.ActiveCfg = Release|x64
		{8252F26D-0FBB-4E15-84F8-3D145758AB55}.Release|x64.Build.0 = Release|x64
		{1BB1AD89-5B53-4455-B125-97A25359E33B}.Debug|x64.ActiveCfg = Debug|x64
		{1BB1AD89-5B53-4455-B125-97A25359E33B}.Debug|x64.Build.0 = Debug|x64
		{1BB1AD89-5B53-4455-B125-97A25359E33B}.Release|x64.ActiveCfg = Release|x64
		{1BB1AD89-5B53-4455-B125-97A25359E33B}.Release|x64.Build.0 = Release|x64
		{3ED6CC6A-A88B-4297-9A7B-B0BC76659E28}.Debug|x64.ActiveCfg = Debug|x64
		{3ED6CC6A-A88B-4297-9A7B-B0BC76659E28}.Debug|x64.Build.0 = Debug|x64
		{3ED6CC6A-A88B-4297-9A7B-B0BC76659E28}.Release|x64.ActiveCfg = Release|x64
		{3ED6CC6A-A88B-4297-9A7B-B0BC76659E28}.Release|x64.Build.0 = Release|x64
		{BE03FA1F-906A-4E77-9F73-577F92DA7FD9}.Debug|x64.ActiveCfg = Debug|x64
		{BE03FA1F-906A-4E77-9F73-577F92DA7FD9}.Debug|x64.Build.0 = Debug|x64
		{BE03FA1F-906A-4E77-9F73-577F92DA7FD9}.Release|x64.ActiveCfg = Release|x64
		{BE03FA1F-906A-4E77-9F73-577F92DA7FD9}.Release|x64.Build.0 = Release|x64
		{14967656-DF2F-4203-8590-BAE1ED4DF319}.Debug|x64.ActiveCfg = Debug|x64
		{14967656-DF2F-4203-8590-BAE1ED4DF319}.Debug|x64.Build.0 = Debug|x64
		{14967656-DF2F-4203-8590-BAE1ED4DF319}.Release|x64.ActiveCfg = Release|x64
		{14967656-DF2F-4203-8590-BAE1ED4DF319}.Release|x64.Build.0 = Release|x64
		{B1F5928A-F73D-45E4-B273-2C3124BC4CA7}.Debug|x64.ActiveCfg = Debug|x64
		{B1F5928A-F73D-45E4-B273-2C3124BC4CA7}.Debug|x64.Build.0 = Debug|x64
		{B1F5928A-F73D-45E4-B273-2C3124BC4CA7}.Release|x64.ActiveCfg = Release|x64
		{B1F5928A-F73D-45E4-B273-2C3124BC4CA7}.Release|x64.Build.0 = Release|x64
		{F36760F2-B751-40FD-A396-6E5E8A42EC87}.Debug|x64.ActiveCfg = Debug|x64
		{F36760F2-B751-40FD-A396-6E5E8A42EC87}.Debug|x64.Build.0 = Debug|x64
		{F36760F2-B751-40FD-A396-6E5E8A42EC87}.Release|x64.ActiveCfg = Release|x64
		{F36760F2-B751-40FD-A396-6E5E8A42EC87}.Release|x64.Build.0 = Release|x64
		{BBBDBE8D-EA8E-44CB-96C8-1F753747DA34}.Debug|x64.ActiveCfg = Debug|x64
		{BBBDBE8D-EA8E-44CB-96C8-1F753747DA34}.Debug|x64.Build.0 = Debug|x64
		{BBBDBE8D-EA8E-44CB-96C8-1F753747DA34}.Release|x64.ActiveCfg = Release|x64
		{BBBDBE8D-EA8E-44CB-96C8-1F753747DA34}.Release|x64.Build.0 = Release|x64
		{B0170DEB-DB9F-46C1-A7F3-A449ECED2279}.Debug|x64.ActiveCfg = Debug|x64
		{B0170DEB-DB9F-46C1-A7F3-A449ECED2279}.Debug|x64.Build.0 = Debug|x64
		{B0170DEB-DB9F-46C1-A7F3-A449ECED2279}.Release|x64.ActiveCfg = Release|x64
		{B0170DEB-DB9F-46C1-A7F3-A449ECED2279}.Release|x64.Build.0 = Release|x64
		{94B62930-43CC-42B5-84E1-D791D05DB2FD}.Debug|x64.ActiveCfg = Debug|x64
		{94B62930-43CC-42B5-84E1-D791D05DB2FD}.Debug|x64.Build.0 = Debug|x64
		{94B62930-43CC-42B5-84E1-D791D05DB2FD}.Release|x64.ActiveCfg = Release|x64
		{94B62930-43CC-42B5-84E1-D791D05DB2FD}.Release|x64.Build.0 = Release|x64
		{0E1E3B00-3923-45DA-A900-5E8A7786A1FD}.Debug|x64.ActiveCfg = Debug|x64
		{0E1E3B00-3923-45DA-A900-5E8A7786A1FD}.Debug|x64.Build.0 = Debug|x64
		{0E1E3B00-3923-45DA-A900-5E8A7786A1FD}.Release|x64.ActiveCfg = Release|x64
		{0E1E3B00-3923-45DA-A900-5E8A7786A1FD}.Release|x64.Build.0 = Release|x64
	EndGlobalSection
	GlobalSection(SolutionProperties) = preSolution
		HideSolutionNode = FALSE
	EndGlobalSection
	GlobalSection(NestedProjects) = preSolution
		{5C84642F-7DB7-42B2-A3C9-D3F65D5610F1} = {6CEDBC4A-060E-4EDE-85FD-9E672A6A6825}
		{8252F26D-0FBB-4E15-84F8-3D145758AB55} = {6CEDBC4A-060E-4EDE-85FD-9E672A6A6825}
		{1BB1AD89-5B53-4455-B125-97A25359E33B} = {94F7CD17-EBE0-46DD-8C72-470B7365AF3A}
		{3ED6CC6A-A88B-4297-9A7B-B0BC76659E28} = {94F7CD17-EBE0-46DD-8C72-470B7365AF3A}
		{BE03FA1F-906A-4E77-9F73-577F92DA7FD9} = {94F7CD17-EBE0-46DD-8C72-470B7365AF3A}
		{14967656-DF2F-4203-8590-BAE1ED4DF319} = {6D024A4E-F795-4FE5-9932-07574DCE9E75}
		{B1F5928A-F73D-45E4-B273-2C3124BC4CA7} = {6D024A4E-F795-4FE5-9932-07574DCE9E75}
		{F36760F2-B751-40FD-A396-6E5E8A42EC87} = {6D024A4E-F795-4FE5-9932-07574DCE9E75}
		{BBBDBE8D-EA8E-44CB-96C8-1F753747DA34} = {6D024A4E-F795-4FE5-9932-07574DCE9E75}
		{B0170DEB-DB9F-46C1-A7F3-A449ECED2279} = {6D024A4E-F795-4FE5-9932-07574DCE9E75}
		{94B62930-43CC-42B5-84E1-D791D05DB2FD} = {6D024A4E-F795-4FE5-9932-07574DCE9E75}
		{0E1E3B00-3923-45DA-A900-5E8A7786A1FD} = {B1544EAA-3F7A-4273-8E24-94D04D3EDEDD}
	EndGlobalSection
	GlobalSection(ExtensibilityGlobals) = postSolution
		SolutionGuid = {B96B0E72-1B38-4DCC-AB55-CF778AE9D003}
	EndGlobalSection
	GlobalSection(Performance) = preSolution
		HasPerformanceSessions = true
	EndGlobalSection
EndGlobal
